
Microsoft Visual Studio Solution File, Format Version 12.00
# Visual Studio Version 17
VisualStudioVersion = 17.9.34728.123
MinimumVisualStudioVersion = 10.0.40219.1
Project("{9A19103F-16F7-4668-BE54-9A1E7A4F7556}") = "Entities", "Entities\Entities.csproj", "{099A4CA1-B8EA-4D41-B180-2FE492F63F49}"
EndProject
Project("{9A19103F-16F7-4668-BE54-9A1E7A4F7556}") = "DataAccess", "DataAccess\DataAccess.csproj", "{E8E27E1E-0B81-480E-87F2-BDF5617E0A47}"
EndProject
Project("{9A19103F-16F7-4668-BE54-9A1E7A4F7556}") = "Business", "Business\Business.csproj", "{8BB0F443-FE14-46F8-A70B-80216E7188F5}"
EndProject
Project("{9A19103F-16F7-4668-BE54-9A1E7A4F7556}") = "ConsoleUI", "ConsoleUI\ConsoleUI.csproj", "{B5415D30-3828-4C23-BAD5-117DDA79A187}"
EndProject
Project("{FAE04EC0-301F-11D3-BF4B-00C04F79EFBC}") = "Core", "Core\Core.csproj", "{AB32FF73-022F-4577-B650-1B80712A0B70}"
EndProject
Global
	GlobalSection(SolutionConfigurationPlatforms) = preSolution
		Debug|Any CPU = Debug|Any CPU
		Release|Any CPU = Release|Any CPU
	EndGlobalSection
	GlobalSection(ProjectConfigurationPlatforms) = postSolution
		{099A4CA1-B8EA-4D41-B180-2FE492F63F49}.Debug|Any CPU.ActiveCfg = Debug|Any CPU
		{099A4CA1-B8EA-4D41-B180-2FE492F63F49}.Debug|Any CPU.Build.0 = Debug|Any CPU
		{099A4CA1-B8EA-4D41-B180-2FE492F63F49}.Release|Any CPU.ActiveCfg = Release|Any CPU
		{099A4CA1-B8EA-4D41-B180-2FE492F63F49}.Release|Any CPU.Build.0 = Release|Any CPU
		{E8E27E1E-0B81-480E-87F2-BDF5617E0A47}.Debug|Any CPU.ActiveCfg = Debug|Any CPU
		{E8E27E1E-0B81-480E-87F2-BDF5617E0A47}.Debug|Any CPU.Build.0 = Debug|Any CPU
		{E8E27E1E-0B81-480E-87F2-BDF5617E0A47}.Release|Any CPU.ActiveCfg = Release|Any CPU
		{E8E27E1E-0B81-480E-87F2-BDF5617E0A47}.Release|Any CPU.Build.0 = Release|Any CPU
		{8BB0F443-FE14-46F8-A70B-80216E7188F5}.Debug|Any CPU.ActiveCfg = Debug|Any CPU
		{8BB0F443-FE14-46F8-A70B-80216E7188F5}.Debug|Any CPU.Build.0 = Debug|Any CPU
		{8BB0F443-FE14-46F8-A70B-80216E7188F5}.Release|Any CPU.ActiveCfg = Release|Any CPU
		{8BB0F443-FE14-46F8-A70B-80216E7188F5}.Release|Any CPU.Build.0 = Release|Any CPU
		{B5415D30-3828-4C23-BAD5-117DDA79A187}.Debug|Any CPU.ActiveCfg = Debug|Any CPU
		{B5415D30-3828-4C23-BAD5-117DDA79A187}.Debug|Any CPU.Build.0 = Debug|Any CPU
		{B5415D30-3828-4C23-BAD5-117DDA79A187}.Release|Any CPU.ActiveCfg = Release|Any CPU
		{B5415D30-3828-4C23-BAD5-117DDA79A187}.Release|Any CPU.Build.0 = Release|Any CPU
		{AB32FF73-022F-4577-B650-1B80712A0B70}.Debug|Any CPU.ActiveCfg = Debug|Any CPU
		{AB32FF73-022F-4577-B650-1B80712A0B70}.Debug|Any CPU.Build.0 = Debug|Any CPU
		{AB32FF73-022F-4577-B650-1B80712A0B70}.Release|Any CPU.ActiveCfg = Release|Any CPU
		{AB32FF73-022F-4577-B650-1B80712A0B70}.Release|Any CPU.Build.0 = Release|Any CPU
	EndGlobalSection
	GlobalSection(SolutionProperties) = preSolution
		HideSolutionNode = FALSE
	EndGlobalSection
	GlobalSection(ExtensibilityGlobals) = postSolution
		SolutionGuid = {ADE2B211-C420-426C-952A-52AF7AADC643}
	EndGlobalSection
EndGlobal
